{
  "version": "1.0.0",
  "lockfileVersion": 1,
  "packages": {
    "@agent-relay/agent-relay-snippet#claude:AGENTS.md": {
      "version": "1.0.5",
      "resolved": "https://registry.prpm.dev/api/v1/packages/%40agent-relay%2Fagent-relay-snippet/1.0.5.tar.gz",
      "integrity": "sha256-cec9b1a517a9858d4c2583cac4addf074796a19583ed506797a1d7467bda5c90",
      "format": "claude",
      "subtype": "snippet",
      "sourceFormat": "generic",
      "sourceSubtype": "snippet",
      "installedPath": "AGENTS.md",
      "snippetMetadata": {
        "targetPath": "AGENTS.md",
        "config": {
          "target": "AGENTS.md",
          "position": "append"
        }
      }
    },
    "@agent-relay/agent-relay-snippet#agents.md:CLAUDE.md": {
      "version": "1.0.5",
      "resolved": "https://registry.prpm.dev/api/v1/packages/%40agent-relay%2Fagent-relay-snippet/1.0.5.tar.gz",
      "integrity": "sha256-cec9b1a517a9858d4c2583cac4addf074796a19583ed506797a1d7467bda5c90",
      "format": "agents.md",
      "subtype": "snippet",
      "sourceFormat": "generic",
      "sourceSubtype": "snippet",
      "installedPath": "CLAUDE.md",
      "snippetMetadata": {
        "targetPath": "CLAUDE.md",
        "config": {
          "target": "CLAUDE.md",
          "position": "append"
        }
      }
    },
    "@agent-relay/using-agent-relay#agents.md": {
      "version": "1.0.1",
      "resolved": "https://registry.prpm.dev/api/v1/packages/%40agent-relay%2Fusing-agent-relay/1.0.1.tar.gz",
      "integrity": "sha256-a1b2cad1ac915591a288909f4f76fe15fffcc1039c528b25b4d08e3e3e02eb14",
      "format": "agents.md",
      "subtype": "skill",
      "sourceFormat": "claude",
      "sourceSubtype": "skill",
      "installedPath": ".openskills/using-agent-relay/SKILL.md",
      "progressiveDisclosure": {
        "mode": "progressive",
        "resourceDir": ".openskills/using-agent-relay",
        "manifestPath": "AGENTS.md",
        "resourceName": "using-agent-relay",
        "resourceType": "skill",
        "skillsDir": ".openskills/using-agent-relay",
        "skillName": "using-agent-relay",
        "eager": false
      }
    },
    "@agent-relay/using-agent-relay#claude": {
      "version": "1.0.1",
      "resolved": "https://registry.prpm.dev/api/v1/packages/%40agent-relay%2Fusing-agent-relay/1.0.1.tar.gz",
      "integrity": "sha256-a1b2cad1ac915591a288909f4f76fe15fffcc1039c528b25b4d08e3e3e02eb14",
      "format": "claude",
      "subtype": "skill",
      "sourceFormat": "claude",
      "sourceSubtype": "skill",
      "installedPath": ".claude/skills/using-agent-relay/SKILL.md"
    }
  },
  "generated": "2026-01-07T12:02:04.613Z"
}